{
  "requires": true,
  "lockfileVersion": 1,
  "dependencies": {
    "testrpc": {
      "version": "0.0.1",
      "resolved": "https://registry.npmjs.org/testrpc/-/testrpc-0.0.1.tgz",
      "integrity": "sha512-afH1hO+SQ/VPlmaLUFj2636QMeDvPCeQMc/9RBMW0IfjNe9gFD9Ra3ShqYkB7py0do1ZcCna/9acHyzTJ+GcNA=="
    }
  }
}
